
Microsoft Visual Studio Solution File, Format Version 12.00
# Visual Studio Version 16
VisualStudioVersion = 16.0.30517.126
MinimumVisualStudioVersion = 10.0.40219.1
Project("{FAE04EC0-301F-11D3-BF4B-00C04F79EFBC}") = "fabrica", "fabrica.csproj", "{DEBE3446-7C3C-4BC4-8D72-47BDECB0E7EC}"
EndProject
Global
	GlobalSection(SolutionConfigurationPlatforms) = preSolution
		Debug|Any CPU = Debug|Any CPU
		Release|Any CPU = Release|Any CPU
	EndGlobalSection
	GlobalSection(ProjectConfigurationPlatforms) = postSolution
		{DEBE3446-7C3C-4BC4-8D72-47BDECB0E7EC}.Debug|Any CPU.ActiveCfg = Debug|Any CPU
		{DEBE3446-7C3C-4BC4-8D72-47BDECB0E7EC}.Debug|Any CPU.Build.0 = Debug|Any CPU
		{DEBE3446-7C3C-4BC4-8D72-47BDECB0E7EC}.Release|Any CPU.ActiveCfg = Release|Any CPU
		{DEBE3446-7C3C-4BC4-8D72-47BDECB0E7EC}.Release|Any CPU.Build.0 = Release|Any CPU
	EndGlobalSection
	GlobalSection(SolutionProperties) = preSolution
		HideSolutionNode = FALSE
	EndGlobalSection
	GlobalSection(ExtensibilityGlobals) = postSolution
		SolutionGuid = {DA45D54C-5245-4DF6-A005-7BCFD51A2787}
	EndGlobalSection
EndGlobal
